
Microsoft Visual Studio Solution File, Format Version 12.00
# Visual Studio Version 17
VisualStudioVersion = 17.2.32616.157
MinimumVisualStudioVersion = 10.0.40219.1
Project("{9A19103F-16F7-4668-BE54-9A1E7A4F7556}") = "KSPTECHNOLOGY", "KSPTECHNOLOGY\KSPTECHNOLOGY.csproj", "{0D36DE88-FA47-406E-B3E3-28C8D5E52D17}"
EndProject
Project("{2150E333-8FDC-42A3-9474-1A3956D46DE8}") = "Presentation", "Presentation", "{497D5D56-56CC-4E84-9388-BFA04A775FEE}"
EndProject
Project("{2150E333-8FDC-42A3-9474-1A3956D46DE8}") = "FrameworkWeb", "FrameworkWeb", "{E00FFCBD-5A03-4CBD-BACE-C372293010D2}"
EndProject
Project("{9A19103F-16F7-4668-BE54-9A1E7A4F7556}") = "KSPTECHNOLOGY.Models", "KSPTECHNOLOGY.Models\KSPTECHNOLOGY.Models.csproj", "{D6D0BB17-232F-4C68-AC34-6B63346FD851}"
EndProject
Project("{2150E333-8FDC-42A3-9474-1A3956D46DE8}") = "ApplicationCore", "ApplicationCore", "{179A0B89-67EA-4EC0-976A-958D9BD63117}"
EndProject
Project("{9A19103F-16F7-4668-BE54-9A1E7A4F7556}") = "KSPTECHNOLOGY.Domain", "KSPTECHNOLOGY.Domain\KSPTECHNOLOGY.Domain.csproj", "{93981DC6-BD64-4DC2-A3C8-E537EA7747C6}"
EndProject
Project("{9A19103F-16F7-4668-BE54-9A1E7A4F7556}") = "KSPTECHNOLOGY.Services", "KSPTECHNOLOGY.Services\KSPTECHNOLOGY.Services.csproj", "{1441808A-7153-4B37-B451-55A86153A7FB}"
EndProject
Project("{2150E333-8FDC-42A3-9474-1A3956D46DE8}") = "Infrastructure", "Infrastructure", "{1BADF976-48B1-4FFE-A71F-06517F643612}"
EndProject
Project("{9A19103F-16F7-4668-BE54-9A1E7A4F7556}") = "KSPTECHNOLOGY.Infrastructure", "KSPTECHNOLOGY.Infrastructure\KSPTECHNOLOGY.Infrastructure.csproj", "{8E1F3D50-3CEE-4D5A-9B41-AC57CB32115C}"
EndProject
Project("{FAE04EC0-301F-11D3-BF4B-00C04F79EFBC}") = "KSPTECHNOLOGY.Data", "KSPTECHNOLOGY.Data\KSPTECHNOLOGY.Data.csproj", "{8FA21FD1-104E-4AAF-B4ED-93432ABDFEDB}"
EndProject
Global
	GlobalSection(SolutionConfigurationPlatforms) = preSolution
		Debug|Any CPU = Debug|Any CPU
		Release|Any CPU = Release|Any CPU
	EndGlobalSection
	GlobalSection(ProjectConfigurationPlatforms) = postSolution
		{0D36DE88-FA47-406E-B3E3-28C8D5E52D17}.Debug|Any CPU.ActiveCfg = Debug|Any CPU
		{0D36DE88-FA47-406E-B3E3-28C8D5E52D17}.Debug|Any CPU.Build.0 = Debug|Any CPU
		{0D36DE88-FA47-406E-B3E3-28C8D5E52D17}.Release|Any CPU.ActiveCfg = Release|Any CPU
		{0D36DE88-FA47-406E-B3E3-28C8D5E52D17}.Release|Any CPU.Build.0 = Release|Any CPU
		{D6D0BB17-232F-4C68-AC34-6B63346FD851}.Debug|Any CPU.ActiveCfg = Debug|Any CPU
		{D6D0BB17-232F-4C68-AC34-6B63346FD851}.Debug|Any CPU.Build.0 = Debug|Any CPU
		{D6D0BB17-232F-4C68-AC34-6B63346FD851}.Release|Any CPU.ActiveCfg = Release|Any CPU
		{D6D0BB17-232F-4C68-AC34-6B63346FD851}.Release|Any CPU.Build.0 = Release|Any CPU
		{93981DC6-BD64-4DC2-A3C8-E537EA7747C6}.Debug|Any CPU.ActiveCfg = Debug|Any CPU
		{93981DC6-BD64-4DC2-A3C8-E537EA7747C6}.Debug|Any CPU.Build.0 = Debug|Any CPU
		{93981DC6-BD64-4DC2-A3C8-E537EA7747C6}.Release|Any CPU.ActiveCfg = Release|Any CPU
		{93981DC6-BD64-4DC2-A3C8-E537EA7747C6}.Release|Any CPU.Build.0 = Release|Any CPU
		{1441808A-7153-4B37-B451-55A86153A7FB}.Debug|Any CPU.ActiveCfg = Debug|Any CPU
		{1441808A-7153-4B37-B451-55A86153A7FB}.Debug|Any CPU.Build.0 = Debug|Any CPU
		{1441808A-7153-4B37-B451-55A86153A7FB}.Release|Any CPU.ActiveCfg = Release|Any CPU
		{1441808A-7153-4B37-B451-55A86153A7FB}.Release|Any CPU.Build.0 = Release|Any CPU
		{8E1F3D50-3CEE-4D5A-9B41-AC57CB32115C}.Debug|Any CPU.ActiveCfg = Debug|Any CPU
		{8E1F3D50-3CEE-4D5A-9B41-AC57CB32115C}.Debug|Any CPU.Build.0 = Debug|Any CPU
		{8E1F3D50-3CEE-4D5A-9B41-AC57CB32115C}.Release|Any CPU.ActiveCfg = Release|Any CPU
		{8E1F3D50-3CEE-4D5A-9B41-AC57CB32115C}.Release|Any CPU.Build.0 = Release|Any CPU
		{8FA21FD1-104E-4AAF-B4ED-93432ABDFEDB}.Debug|Any CPU.ActiveCfg = Debug|Any CPU
		{8FA21FD1-104E-4AAF-B4ED-93432ABDFEDB}.Debug|Any CPU.Build.0 = Debug|Any CPU
		{8FA21FD1-104E-4AAF-B4ED-93432ABDFEDB}.Release|Any CPU.ActiveCfg = Release|Any CPU
		{8FA21FD1-104E-4AAF-B4ED-93432ABDFEDB}.Release|Any CPU.Build.0 = Release|Any CPU
	EndGlobalSection
	GlobalSection(SolutionProperties) = preSolution
		HideSolutionNode = FALSE
	EndGlobalSection
	GlobalSection(NestedProjects) = preSolution
		{0D36DE88-FA47-406E-B3E3-28C8D5E52D17} = {497D5D56-56CC-4E84-9388-BFA04A775FEE}
		{D6D0BB17-232F-4C68-AC34-6B63346FD851} = {E00FFCBD-5A03-4CBD-BACE-C372293010D2}
		{93981DC6-BD64-4DC2-A3C8-E537EA7747C6} = {179A0B89-67EA-4EC0-976A-958D9BD63117}
		{1441808A-7153-4B37-B451-55A86153A7FB} = {179A0B89-67EA-4EC0-976A-958D9BD63117}
		{8E1F3D50-3CEE-4D5A-9B41-AC57CB32115C} = {1BADF976-48B1-4FFE-A71F-06517F643612}
		{8FA21FD1-104E-4AAF-B4ED-93432ABDFEDB} = {179A0B89-67EA-4EC0-976A-958D9BD63117}
	EndGlobalSection
	GlobalSection(ExtensibilityGlobals) = postSolution
		SolutionGuid = {1AC2B765-EEF5-4896-9958-55792A1E80BC}
	EndGlobalSection
EndGlobal
